// !$*UTF8*$!
{
	archiveVersion = 1;
	classes = {
	};
	objectVersion = 56;
	objects = {

/* Begin PBXBuildFile section */
		6C1DE5882C944B45004B4A3C /* AppDelegate.swift in Sources */ = {isa = PBXBuildFile; fileRef = 6C1DE5872C944B45004B4A3C /* AppDelegate.swift */; };
		6C1DE58A2C944B45004B4A3C /* ContentView.swift in Sources */ = {isa = PBXBuildFile; fileRef = 6C1DE5892C944B45004B4A3C /* ContentView.swift */; };
		6C1DE58C2C944B47004B4A3C /* Assets.xcassets in Resources */ = {isa = PBXBuildFile; fileRef = 6C1DE58B2C944B47004B4A3C /* Assets.xcassets */; };
		6C1DE58F2C944B47004B4A3C /* Preview Assets.xcassets in Resources */ = {isa = PBXBuildFile; fileRef = 6C1DE58E2C944B47004B4A3C /* Preview Assets.xcassets */; };
		6C1DE59A2C944B47004B4A3C /* ClipManagerTests.swift in Sources */ = {isa = PBXBuildFile; fileRef = 6C1DE5992C944B47004B4A3C /* ClipManagerTests.swift */; };
		6C1DE5A42C944B47004B4A3C /* ClipManagerUITests.swift in Sources */ = {isa = PBXBuildFile; fileRef = 6C1DE5A32C944B47004B4A3C /* ClipManagerUITests.swift */; };
		6C1DE5A62C944B47004B4A3C /* ClipManagerUITestsLaunchTests.swift in Sources */ = {isa = PBXBuildFile; fileRef = 6C1DE5A52C944B47004B4A3C /* ClipManagerUITestsLaunchTests.swift */; };
		6C8023C12C9455A100C6E741 /* ClipManager.swift in Sources */ = {isa = PBXBuildFile; fileRef = 6C8023C02C9455A100C6E741 /* ClipManager.swift */; };
		6C8023C32C94563600C6E741 /* Clipboarditem.swift in Sources */ = {isa = PBXBuildFile; fileRef = 6C8023C22C94563600C6E741 /* Clipboarditem.swift */; };
		6C8023C52C945F2200C6E741 /* info.plist in Resources */ = {isa = PBXBuildFile; fileRef = 6C8023C42C945F2200C6E741 /* info.plist */; };
/* End PBXBuildFile section */

/* Begin PBXContainerItemProxy section */
		6C1DE5962C944B47004B4A3C /* PBXContainerItemProxy */ = {
			isa = PBXContainerItemProxy;
			containerPortal = 6C1DE57C2C944B45004B4A3C /* Project object */;
			proxyType = 1;
			remoteGlobalIDString = 6C1DE5832C944B45004B4A3C;
			remoteInfo = ClipManager;
		};
		6C1DE5A02C944B47004B4A3C /* PBXContainerItemProxy */ = {
			isa = PBXContainerItemProxy;
			containerPortal = 6C1DE57C2C944B45004B4A3C /* Project object */;
			proxyType = 1;
			remoteGlobalIDString = 6C1DE5832C944B45004B4A3C;
			remoteInfo = ClipManager;
		};
/* End PBXContainerItemProxy section */

/* Begin PBXFileReference section */
		6C1DE5842C944B45004B4A3C /* ClipManager.app */ = {isa = PBXFileReference; explicitFileType = wrapper.application; includeInIndex = 0; path = ClipManager.app; sourceTree = BUILT_PRODUCTS_DIR; };
		6C1DE5872C944B45004B4A3C /* AppDelegate.swift */ = {isa = PBXFileReference; lastKnownFileType = sourcecode.swift; path = AppDelegate.swift; sourceTree = "<group>"; };
		6C1DE5892C944B45004B4A3C /* ContentView.swift */ = {isa = PBXFileReference; lastKnownFileType = sourcecode.swift; path = ContentView.swift; sourceTree = "<group>"; };
		6C1DE58B2C944B47004B4A3C /* Assets.xcassets */ = {isa = PBXFileReference; lastKnownFileType = folder.assetcatalog; path = Assets.xcassets; sourceTree = "<group>"; };
		6C1DE58E2C944B47004B4A3C /* Preview Assets.xcassets */ = {isa = PBXFileReference; lastKnownFileType = folder.assetcatalog; path = "Preview Assets.xcassets"; sourceTree = "<group>"; };
		6C1DE5902C944B47004B4A3C /* ClipManager.entitlements */ = {isa = PBXFileReference; lastKnownFileType = text.plist.entitlements; path = ClipManager.entitlements; sourceTree = "<group>"; };
		6C1DE5952C944B47004B4A3C /* ClipManagerTests.xctest */ = {isa = PBXFileReference; explicitFileType = wrapper.cfbundle; includeInIndex = 0; path = ClipManagerTests.xctest; sourceTree = BUILT_PRODUCTS_DIR; };
		6C1DE5992C944B47004B4A3C /* ClipManagerTests.swift */ = {isa = PBXFileReference; lastKnownFileType = sourcecode.swift; path = ClipManagerTests.swift; sourceTree = "<group>"; };
		6C1DE59F2C944B47004B4A3C /* ClipManagerUITests.xctest */ = {isa = PBXFileReference; explicitFileType = wrapper.cfbundle; includeInIndex = 0; path = ClipManagerUITests.xctest; sourceTree = BUILT_PRODUCTS_DIR; };
		6C1DE5A32C944B47004B4A3C /* ClipManagerUITests.swift */ = {isa = PBXFileReference; lastKnownFileType = sourcecode.swift; path = ClipManagerUITests.swift; sourceTree = "<group>"; };
		6C1DE5A52C944B47004B4A3C /* ClipManagerUITestsLaunchTests.swift */ = {isa = PBXFileReference; lastKnownFileType = sourcecode.swift; path = ClipManagerUITestsLaunchTests.swift; sourceTree = "<group>"; };
		6C8023C02C9455A100C6E741 /* ClipManager.swift */ = {isa = PBXFileReference; lastKnownFileType = sourcecode.swift; path = ClipManager.swift; sourceTree = "<group>"; };
		6C8023C22C94563600C6E741 /* Clipboarditem.swift */ = {isa = PBXFileReference; lastKnownFileType = sourcecode.swift; path = Clipboarditem.swift; sourceTree = "<group>"; };
		6C8023C42C945F2200C6E741 /* info.plist */ = {isa = PBXFileReference; lastKnownFileType = text.plist.xml; path = info.plist; sourceTree = "<group>"; };
/* End PBXFileReference section */

/* Begin PBXFrameworksBuildPhase section */
		6C1DE5812C944B45004B4A3C /* Frameworks */ = {
			isa = PBXFrameworksBuildPhase;
			buildActionMask = 2147483647;
			files = (
			);
			runOnlyForDeploymentPostprocessing = 0;
		};
		6C1DE5922C944B47004B4A3C /* Frameworks */ = {
			isa = PBXFrameworksBuildPhase;
			buildActionMask = 2147483647;
			files = (
			);
			runOnlyForDeploymentPostprocessing = 0;
		};
		6C1DE59C2C944B47004B4A3C /* Frameworks */ = {
			isa = PBXFrameworksBuildPhase;
			buildActionMask = 2147483647;
			files = (
			);
			runOnlyForDeploymentPostprocessing = 0;
		};
/* End PBXFrameworksBuildPhase section */

/* Begin PBXGroup section */
		6C1DE57B2C944B45004B4A3C = {
			isa = PBXGroup;
			children = (
				6C1DE5862C944B45004B4A3C /* ClipManager */,
				6C1DE5982C944B47004B4A3C /* ClipManagerTests */,
				6C1DE5A22C944B47004B4A3C /* ClipManagerUITests */,
				6C1DE5852C944B45004B4A3C /* Products */,
			);
			sourceTree = "<group>";
		};
		6C1DE5852C944B45004B4A3C /* Products */ = {
			isa = PBXGroup;
			children = (
				6C1DE5842C944B45004B4A3C /* ClipManager.app */,
				6C1DE5952C944B47004B4A3C /* ClipManagerTests.xctest */,
				6C1DE59F2C944B47004B4A3C /* ClipManagerUITests.xctest */,
			);
			name = Products;
			sourceTree = "<group>";
		};
		6C1DE5862C944B45004B4A3C /* ClipManager */ = {
			isa = PBXGroup;
			children = (
				6C8023C02C9455A100C6E741 /* ClipManager.swift */,
				6C1DE5872C944B45004B4A3C /* AppDelegate.swift */,
				6C1DE5892C944B45004B4A3C /* ContentView.swift */,
				6C8023C22C94563600C6E741 /* Clipboarditem.swift */,
				6C1DE58B2C944B47004B4A3C /* Assets.xcassets */,
				6C1DE5902C944B47004B4A3C /* ClipManager.entitlements */,
				6C1DE58D2C944B47004B4A3C /* Preview Content */,
				6C8023C42C945F2200C6E741 /* info.plist */,
			);
			path = ClipManager;
			sourceTree = "<group>";
		};
		6C1DE58D2C944B47004B4A3C /* Preview Content */ = {
			isa = PBXGroup;
			children = (
				6C1DE58E2C944B47004B4A3C /* Preview Assets.xcassets */,
			);
			path = "Preview Content";
			sourceTree = "<group>";
		};
		6C1DE5982C944B47004B4A3C /* ClipManagerTests */ = {
			isa = PBXGroup;
			children = (
				6C1DE5992C944B47004B4A3C /* ClipManagerTests.swift */,
			);
			path = ClipManagerTests;
			sourceTree = "<group>";
		};
		6C1DE5A22C944B47004B4A3C /* ClipManagerUITests */ = {
			isa = PBXGroup;
			children = (
				6C1DE5A32C944B47004B4A3C /* ClipManagerUITests.swift */,
				6C1DE5A52C944B47004B4A3C /* ClipManagerUITestsLaunchTests.swift */,
			);
			path = ClipManagerUITests;
			sourceTree = "<group>";
		};
/* End PBXGroup section */

/* Begin PBXNativeTarget section */
		6C1DE5832C944B45004B4A3C /* ClipManager */ = {
			isa = PBXNativeTarget;
			buildConfigurationList = 6C1DE5A92C944B47004B4A3C /* Build configuration list for PBXNativeTarget "ClipManager" */;
			buildPhases = (
				6C1DE5802C944B45004B4A3C /* Sources */,
				6C1DE5812C944B45004B4A3C /* Frameworks */,
				6C1DE5822C944B45004B4A3C /* Resources */,
			);
			buildRules = (
			);
			dependencies = (
			);
			name = ClipManager;
			productName = ClipManager;
			productReference = 6C1DE5842C944B45004B4A3C /* ClipManager.app */;
			productType = "com.apple.product-type.application";
		};
		6C1DE5942C944B47004B4A3C /* ClipManagerTests */ = {
			isa = PBXNativeTarget;
			buildConfigurationList = 6C1DE5AC2C944B47004B4A3C /* Build configuration list for PBXNativeTarget "ClipManagerTests" */;
			buildPhases = (
				6C1DE5912C944B47004B4A3C /* Sources */,
				6C1DE5922C944B47004B4A3C /* Frameworks */,
				6C1DE5932C944B47004B4A3C /* Resources */,
			);
			buildRules = (
			);
			dependencies = (
				6C1DE5972C944B47004B4A3C /* PBXTargetDependency */,
			);
			name = ClipManagerTests;
			productName = ClipManagerTests;
			productReference = 6C1DE5952C944B47004B4A3C /* ClipManagerTests.xctest */;
			productType = "com.apple.product-type.bundle.unit-test";
		};
		6C1DE59E2C944B47004B4A3C /* ClipManagerUITests */ = {
			isa = PBXNativeTarget;
			buildConfigurationList = 6C1DE5AF2C944B47004B4A3C /* Build configuration list for PBXNativeTarget "ClipManagerUITests" */;
			buildPhases = (
				6C1DE59B2C944B47004B4A3C /* Sources */,
				6C1DE59C2C944B47004B4A3C /* Frameworks */,
				6C1DE59D2C944B47004B4A3C /* Resources */,
			);
			buildRules = (
			);
			dependencies = (
				6C1DE5A12C944B47004B4A3C /* PBXTargetDependency */,
			);
			name = ClipManagerUITests;
			productName = ClipManagerUITests;
			productReference = 6C1DE59F2C944B47004B4A3C /* ClipManagerUITests.xctest */;
			productType = "com.apple.product-type.bundle.ui-testing";
		};
/* End PBXNativeTarget section */

/* Begin PBXProject section */
		6C1DE57C2C944B45004B4A3C /* Project object */ = {
			isa = PBXProject;
			attributes = {
				BuildIndependentTargetsInParallel = 1;
				LastSwiftUpdateCheck = 1540;
				LastUpgradeCheck = 1540;
				TargetAttributes = {
					6C1DE5832C944B45004B4A3C = {
						CreatedOnToolsVersion = 15.4;
					};
					6C1DE5942C944B47004B4A3C = {
						CreatedOnToolsVersion = 15.4;
						TestTargetID = 6C1DE5832C944B45004B4A3C;
					};
					6C1DE59E2C944B47004B4A3C = {
						CreatedOnToolsVersion = 15.4;
						TestTargetID = 6C1DE5832C944B45004B4A3C;
					};
				};
			};
			buildConfigurationList = 6C1DE57F2C944B45004B4A3C /* Build configuration list for PBXProject "ClipManager" */;
			compatibilityVersion = "Xcode 14.0";
			developmentRegion = en;
			hasScannedForEncodings = 0;
			knownRegions = (
				en,
				Base,
			);
			mainGroup = 6C1DE57B2C944B45004B4A3C;
			productRefGroup = 6C1DE5852C944B45004B4A3C /* Products */;
			projectDirPath = "";
			projectRoot = "";
			targets = (
				6C1DE5832C944B45004B4A3C /* ClipManager */,
				6C1DE5942C944B47004B4A3C /* ClipManagerTests */,
				6C1DE59E2C944B47004B4A3C /* ClipManagerUITests */,
			);
		};
/* End PBXProject section */

/* Begin PBXResourcesBuildPhase section */
		6C1DE5822C944B45004B4A3C /* Resources */ = {
			isa = PBXResourcesBuildPhase;
			buildActionMask = 2147483647;
			files = (
				6C1DE58F2C944B47004B4A3C /* Preview Assets.xcassets in Resources */,
				6C1DE58C2C944B47004B4A3C /* Assets.xcassets in Resources */,
				6C8023C52C945F2200C6E741 /* info.plist in Resources */,
			);
			runOnlyForDeploymentPostprocessing = 0;
		};
		6C1DE5932C944B47004B4A3C /* Resources */ = {
			isa = PBXResourcesBuildPhase;
			buildActionMask = 2147483647;
			files = (
			);
			runOnlyForDeploymentPostprocessing = 0;
		};
		6C1DE59D2C944B47004B4A3C /* Resources */ = {
			isa = PBXResourcesBuildPhase;
			buildActionMask = 2147483647;
			files = (
			);
			runOnlyForDeploymentPostprocessing = 0;
		};
/* End PBXResourcesBuildPhase section */

/* Begin PBXSourcesBuildPhase section */
		6C1DE5802C944B45004B4A3C /* Sources */ = {
			isa = PBXSourcesBuildPhase;
			buildActionMask = 2147483647;
			files = (
				6C1DE58A2C944B45004B4A3C /* ContentView.swift in Sources */,
				6C8023C32C94563600C6E741 /* Clipboarditem.swift in Sources */,
				6C1DE5882C944B45004B4A3C /* AppDelegate.swift in Sources */,
				6C8023C12C9455A100C6E741 /* ClipManager.swift in Sources */,
			);
			runOnlyForDeploymentPostprocessing = 0;
		};
		6C1DE5912C944B47004B4A3C /* Sources */ = {
			isa = PBXSourcesBuildPhase;
			buildActionMask = 2147483647;
			files = (
				6C1DE59A2C944B47004B4A3C /* ClipManagerTests.swift in Sources */,
			);
			runOnlyForDeploymentPostprocessing = 0;
		};
		6C1DE59B2C944B47004B4A3C /* Sources */ = {
			isa = PBXSourcesBuildPhase;
			buildActionMask = 2147483647;
			files = (
				6C1DE5A62C944B47004B4A3C /* ClipManagerUITestsLaunchTests.swift in Sources */,
				6C1DE5A42C944B47004B4A3C /* ClipManagerUITests.swift in Sources */,
			);
			runOnlyForDeploymentPostprocessing = 0;
		};
/* End PBXSourcesBuildPhase section */

/* Begin PBXTargetDependency section */
		6C1DE5972C944B47004B4A3C /* PBXTargetDependency */ = {
			isa = PBXTargetDependency;
			target = 6C1DE5832C944B45004B4A3C /* ClipManager */;
			targetProxy = 6C1DE5962C944B47004B4A3C /* PBXContainerItemProxy */;
		};
		6C1DE5A12C944B47004B4A3C /* PBXTargetDependency */ = {
			isa = PBXTargetDependency;
			target = 6C1DE5832C944B45004B4A3C /* ClipManager */;
			targetProxy = 6C1DE5A02C944B47004B4A3C /* PBXContainerItemProxy */;
		};
/* End PBXTargetDependency section */

/* Begin XCBuildConfiguration section */
		6C1DE5A72C944B47004B4A3C /* Debug */ = {
			isa = XCBuildConfiguration;
			buildSettings = {
				ALWAYS_SEARCH_USER_PATHS = NO;
				ASSETCATALOG_COMPILER_GENERATE_SWIFT_ASSET_SYMBOL_EXTENSIONS = YES;
				CLANG_ANALYZER_NONNULL = YES;
				CLANG_ANALYZER_NUMBER_OBJECT_CONVERSION = YES_AGGRESSIVE;
				CLANG_CXX_LANGUAGE_STANDARD = "gnu++20";
				CLANG_ENABLE_MODULES = YES;
				CLANG_ENABLE_OBJC_ARC = YES;
				CLANG_ENABLE_OBJC_WEAK = YES;
				CLANG_WARN_BLOCK_CAPTURE_AUTORELEASING = YES;
				CLANG_WARN_BOOL_CONVERSION = YES;
				CLANG_WARN_COMMA = YES;
				CLANG_WARN_CONSTANT_CONVERSION = YES;
				CLANG_WARN_DEPRECATED_OBJC_IMPLEMENTATIONS = YES;
				CLANG_WARN_DIRECT_OBJC_ISA_USAGE = YES_ERROR;
				CLANG_WARN_DOCUMENTATION_COMMENTS = YES;
				CLANG_WARN_EMPTY_BODY = YES;
				CLANG_WARN_ENUM_CONVERSION = YES;
				CLANG_WARN_INFINITE_RECURSION = YES;
				CLANG_WARN_INT_CONVERSION = YES;
				CLANG_WARN_NON_LITERAL_NULL_CONVERSION = YES;
				CLANG_WARN_OBJC_IMPLICIT_RETAIN_SELF = YES;
				CLANG_WARN_OBJC_LITERAL_CONVERSION = YES;
				CLANG_WARN_OBJC_ROOT_CLASS = YES_ERROR;
				CLANG_WARN_QUOTED_INCLUDE_IN_FRAMEWORK_HEADER = YES;
				CLANG_WARN_RANGE_LOOP_ANALYSIS = YES;
				CLANG_WARN_STRICT_PROTOTYPES = YES;
				CLANG_WARN_SUSPICIOUS_MOVE = YES;
				CLANG_WARN_UNGUARDED_AVAILABILITY = YES_AGGRESSIVE;
				CLANG_WARN_UNREACHABLE_CODE = YES;
				CLANG_WARN__DUPLICATE_METHOD_MATCH = YES;
				COPY_PHASE_STRIP = NO;
				DEBUG_INFORMATION_FORMAT = dwarf;
				ENABLE_STRICT_OBJC_MSGSEND = YES;
				ENABLE_TESTABILITY = YES;
				ENABLE_USER_SCRIPT_SANDBOXING = YES;
				GCC_C_LANGUAGE_STANDARD = gnu17;
				GCC_DYNAMIC_NO_PIC = NO;
				GCC_NO_COMMON_BLOCKS = YES;
				GCC_OPTIMIZATION_LEVEL = 0;
				GCC_PREPROCESSOR_DEFINITIONS = (
					"DEBUG=1",
					"$(inherited)",
				);
				GCC_WARN_64_TO_32_BIT_CONVERSION = YES;
				GCC_WARN_ABOUT_RETURN_TYPE = YES_ERROR;
				GCC_WARN_UNDECLARED_SELECTOR = YES;
				GCC_WARN_UNINITIALIZED_AUTOS = YES_AGGRESSIVE;
				GCC_WARN_UNUSED_FUNCTION = YES;
				GCC_WARN_UNUSED_VARIABLE = YES;
				LOCALIZATION_PREFERS_STRING_CATALOGS = YES;
				MACOSX_DEPLOYMENT_TARGET = 14.5;
				MTL_ENABLE_DEBUG_INFO = INCLUDE_SOURCE;
				MTL_FAST_MATH = YES;
				ONLY_ACTIVE_ARCH = YES;
				SDKROOT = macosx;
				SWIFT_ACTIVE_COMPILATION_CONDITIONS = "DEBUG $(inherited)";
				SWIFT_OPTIMIZATION_LEVEL = "-Onone";
			};
			name = Debug;
		};
		6C1DE5A82C944B47004B4A3C /* Release */ = {
			isa = XCBuildConfiguration;
			buildSettings = {
				ALWAYS_SEARCH_USER_PATHS = NO;
				ASSETCATALOG_COMPILER_GENERATE_SWIFT_ASSET_SYMBOL_EXTENSIONS = YES;
				CLANG_ANALYZER_NONNULL = YES;
				CLANG_ANALYZER_NUMBER_OBJECT_CONVERSION = YES_AGGRESSIVE;
				CLANG_CXX_LANGUAGE_STANDARD = "gnu++20";
				CLANG_ENABLE_MODULES = YES;
				CLANG_ENABLE_OBJC_ARC = YES;
				CLANG_ENABLE_OBJC_WEAK = YES;
				CLANG_WARN_BLOCK_CAPTURE_AUTORELEASING = YES;
				CLANG_WARN_BOOL_CONVERSION = YES;
				CLANG_WARN_COMMA = YES;
				CLANG_WARN_CONSTANT_CONVERSION = YES;
				CLANG_WARN_DEPRECATED_OBJC_IMPLEMENTATIONS = YES;
				CLANG_WARN_DIRECT_OBJC_ISA_USAGE = YES_ERROR;
				CLANG_WARN_DOCUMENTATION_COMMENTS = YES;
				CLANG_WARN_EMPTY_BODY = YES;
				CLANG_WARN_ENUM_CONVERSION = YES;
				CLANG_WARN_INFINITE_RECURSION = YES;
				CLANG_WARN_INT_CONVERSION = YES;
				CLANG_WARN_NON_LITERAL_NULL_CONVERSION = YES;
				CLANG_WARN_OBJC_IMPLICIT_RETAIN_SELF = YES;
				CLANG_WARN_OBJC_LITERAL_CONVERSION = YES;
				CLANG_WARN_OBJC_ROOT_CLASS = YES_ERROR;
				CLANG_WARN_QUOTED_INCLUDE_IN_FRAMEWORK_HEADER = YES;
				CLANG_WARN_RANGE_LOOP_ANALYSIS = YES;
				CLANG_WARN_STRICT_PROTOTYPES = YES;
				CLANG_WARN_SUSPICIOUS_MOVE = YES;
				CLANG_WARN_UNGUARDED_AVAILABILITY = YES_AGGRESSIVE;
				CLANG_WARN_UNREACHABLE_CODE = YES;
				CLANG_WARN__DUPLICATE_METHOD_MATCH = YES;
				COPY_PHASE_STRIP = NO;
				DEBUG_INFORMATION_FORMAT = "dwarf-with-dsym";
				ENABLE_NS_ASSERTIONS = NO;
				ENABLE_STRICT_OBJC_MSGSEND = YES;
				ENABLE_USER_SCRIPT_SANDBOXING = YES;
				GCC_C_LANGUAGE_STANDARD = gnu17;
				GCC_NO_COMMON_BLOCKS = YES;
				GCC_WARN_64_TO_32_BIT_CONVERSION = YES;
				GCC_WARN_ABOUT_RETURN_TYPE = YES_ERROR;
				GCC_WARN_UNDECLARED_SELECTOR = YES;
				GCC_WARN_UNINITIALIZED_AUTOS = YES_AGGRESSIVE;
				GCC_WARN_UNUSED_FUNCTION = YES;
				GCC_WARN_UNUSED_VARIABLE = YES;
				LOCALIZATION_PREFERS_STRING_CATALOGS = YES;
				MACOSX_DEPLOYMENT_TARGET = 14.5;
				MTL_ENABLE_DEBUG_INFO = NO;
				MTL_FAST_MATH = YES;
				SDKROOT = macosx;
				SWIFT_COMPILATION_MODE = wholemodule;
			};
			name = Release;
		};
		6C1DE5AA2C944B47004B4A3C /* Debug */ = {
			isa = XCBuildConfiguration;
			buildSettings = {
				ASSETCATALOG_COMPILER_APPICON_NAME = AppIcon;
				ASSETCATALOG_COMPILER_GLOBAL_ACCENT_COLOR_NAME = AccentColor;
				ASSETCATALOG_COMPILER_INCLUDE_ALL_APPICON_ASSETS = YES;
				CODE_SIGN_ENTITLEMENTS = ClipManager/ClipManager.entitlements;
				CODE_SIGN_STYLE = Automatic;
				COMBINE_HIDPI_IMAGES = YES;
				CURRENT_PROJECT_VERSION = 1;
				DEVELOPMENT_ASSET_PATHS = "\"ClipManager/Preview Content\"";
				DEVELOPMENT_TEAM = ARF4H4N5CV;
				ENABLE_HARDENED_RUNTIME = YES;
				ENABLE_PREVIEWS = YES;
				GENERATE_INFOPLIST_FILE = YES;
				INFOPLIST_KEY_CFBundleDisplayName = "Clip Manager";
				INFOPLIST_KEY_LSApplicationCategoryType = "public.app-category.utilities";
				INFOPLIST_KEY_NSHumanReadableCopyright = "";
				LD_RUNPATH_SEARCH_PATHS = (
					"$(inherited)",
					"@executable_path/../Frameworks",
				);
				MARKETING_VERSION = 1.0;
				PRODUCT_BUNDLE_IDENTIFIER = rjnr.ClipManager;
				PRODUCT_NAME = "$(TARGET_NAME)";
				SWIFT_EMIT_LOC_STRINGS = YES;
				SWIFT_VERSION = 5.0;
			};
			name = Debug;
		};
		6C1DE5AB2C944B47004B4A3C /* Release */ = {
			isa = XCBuildConfiguration;
			buildSettings = {
				ASSETCATALOG_COMPILER_APPICON_NAME = AppIcon;
				"ASSETCATALOG_COMPILER_APPICON_NAME[sdk=macosx*]" = AppIcon;
				ASSETCATALOG_COMPILER_GLOBAL_ACCENT_COLOR_NAME = AccentColor;
				ASSETCATALOG_COMPILER_INCLUDE_ALL_APPICON_ASSETS = YES;
				CODE_SIGN_ENTITLEMENTS = ClipManager/ClipManager.entitlements;
				CODE_SIGN_STYLE = Automatic;
				COMBINE_HIDPI_IMAGES = YES;
				CURRENT_PROJECT_VERSION = 1;
				DEVELOPMENT_ASSET_PATHS = "\"ClipManager/Preview Content\"";
				DEVELOPMENT_TEAM = ARF4H4N5CV;
				ENABLE_HARDENED_RUNTIME = YES;
				ENABLE_PREVIEWS = YES;
				GENERATE_INFOPLIST_FILE = YES;
				INFOPLIST_KEY_CFBundleDisplayName = "Clip Manager";
				INFOPLIST_KEY_LSApplicationCategoryType = "public.app-category.utilities";
				INFOPLIST_KEY_NSHumanReadableCopyright = "";
				LD_RUNPATH_SEARCH_PATHS = (
					"$(inherited)",
					"@executable_path/../Frameworks",
				);
				MARKETING_VERSION = 1.0;
				PRODUCT_BUNDLE_IDENTIFIER = rjnr.ClipManager;
				PRODUCT_NAME = "$(TARGET_NAME)";
				SWIFT_EMIT_LOC_STRINGS = YES;
				SWIFT_VERSION = 5.0;
			};
			name = Release;
		};
		6C1DE5AD2C944B47004B4A3C /* Debug */ = {
			isa = XCBuildConfiguration;
			buildSettings = {
				ALWAYS_EMBED_SWIFT_STANDARD_LIBRARIES = YES;
				BUNDLE_LOADER = "$(TEST_HOST)";
				CODE_SIGN_STYLE = Automatic;
				CURRENT_PROJECT_VERSION = 1;
				DEVELOPMENT_TEAM = ARF4H4N5CV;
				GENERATE_INFOPLIST_FILE = YES;
				MACOSX_DEPLOYMENT_TARGET = 14.5;
				MARKETING_VERSION = 1.0;
				PRODUCT_BUNDLE_IDENTIFIER = rjnr.ClipManagerTests;
				PRODUCT_NAME = "$(TARGET_NAME)";
				SWIFT_EMIT_LOC_STRINGS = NO;
				SWIFT_VERSION = 5.0;
				TEST_HOST = "$(BUILT_PRODUCTS_DIR)/ClipManager.app/$(BUNDLE_EXECUTABLE_FOLDER_PATH)/ClipManager";
			};
			name = Debug;
		};
		6C1DE5AE2C944B47004B4A3C /* Release */ = {
			isa = XCBuildConfiguration;
			buildSettings = {
				ALWAYS_EMBED_SWIFT_STANDARD_LIBRARIES = YES;
				BUNDLE_LOADER = "$(TEST_HOST)";
				CODE_SIGN_STYLE = Automatic;
				CURRENT_PROJECT_VERSION = 1;
				DEVELOPMENT_TEAM = ARF4H4N5CV;
				GENERATE_INFOPLIST_FILE = YES;
				MACOSX_DEPLOYMENT_TARGET = 14.5;
				MARKETING_VERSION = 1.0;
				PRODUCT_BUNDLE_IDENTIFIER = rjnr.ClipManagerTests;
				PRODUCT_NAME = "$(TARGET_NAME)";
				SWIFT_EMIT_LOC_STRINGS = NO;
				SWIFT_VERSION = 5.0;
				TEST_HOST = "$(BUILT_PRODUCTS_DIR)/ClipManager.app/$(BUNDLE_EXECUTABLE_FOLDER_PATH)/ClipManager";
			};
			name = Release;
		};
		6C1DE5B02C944B47004B4A3C /* Debug */ = {
			isa = XCBuildConfiguration;
			buildSettings = {
				ALWAYS_EMBED_SWIFT_STANDARD_LIBRARIES = YES;
				CODE_SIGN_STYLE = Automatic;
				CURRENT_PROJECT_VERSION = 1;
				DEVELOPMENT_TEAM = ARF4H4N5CV;
				GENERATE_INFOPLIST_FILE = YES;
				MARKETING_VERSION = 1.0;
				PRODUCT_BUNDLE_IDENTIFIER = rjnr.ClipManagerUITests;
				PRODUCT_NAME = "$(TARGET_NAME)";
				SWIFT_EMIT_LOC_STRINGS = NO;
				SWIFT_VERSION = 5.0;
				TEST_TARGET_NAME = ClipManager;
			};
			name = Debug;
		};
		6C1DE5B12C944B47004B4A3C /* Release */ = {
			isa = XCBuildConfiguration;
			buildSettings = {
				ALWAYS_EMBED_SWIFT_STANDARD_LIBRARIES = YES;
				CODE_SIGN_STYLE = Automatic;
				CURRENT_PROJECT_VERSION = 1;
				DEVELOPMENT_TEAM = ARF4H4N5CV;
				GENERATE_INFOPLIST_FILE = YES;
				MARKETING_VERSION = 1.0;
				PRODUCT_BUNDLE_IDENTIFIER = rjnr.ClipManagerUITests;
				PRODUCT_NAME = "$(TARGET_NAME)";
				SWIFT_EMIT_LOC_STRINGS = NO;
				SWIFT_VERSION = 5.0;
				TEST_TARGET_NAME = ClipManager;
			};
			name = Release;
		};
/* End XCBuildConfiguration section */

/* Begin XCConfigurationList section */
		6C1DE57F2C944B45004B4A3C /* Build configuration list for PBXProject "ClipManager" */ = {
			isa = XCConfigurationList;
			buildConfigurations = (
				6C1DE5A72C944B47004B4A3C /* Debug */,
				6C1DE5A82C944B47004B4A3C /* Release */,
			);
			defaultConfigurationIsVisible = 0;
			defaultConfigurationName = Release;
		};
		6C1DE5A92C944B47004B4A3C /* Build configuration list for PBXNativeTarget "ClipManager" */ = {
			isa = XCConfigurationList;
			buildConfigurations = (
				6C1DE5AA2C944B47004B4A3C /* Debug */,
				6C1DE5AB2C944B47004B4A3C /* Release */,
			);
			defaultConfigurationIsVisible = 0;
			defaultConfigurationName = Release;
		};
		6C1DE5AC2C944B47004B4A3C /* Build configuration list for PBXNativeTarget "ClipManagerTests" */ = {
			isa = XCConfigurationList;
			buildConfigurations = (
				6C1DE5AD2C944B47004B4A3C /* Debug */,
				6C1DE5AE2C944B47004B4A3C /* Release */,
			);
			defaultConfigurationIsVisible = 0;
			defaultConfigurationName = Release;
		};
		6C1DE5AF2C944B47004B4A3C /* Build configuration list for PBXNativeTarget "ClipManagerUITests" */ = {
			isa = XCConfigurationList;
			buildConfigurations = (
				6C1DE5B02C944B47004B4A3C /* Debug */,
				6C1DE5B12C944B47004B4A3C /* Release */,
			);
			defaultConfigurationIsVisible = 0;
			defaultConfigurationName = Release;
		};
/* End XCConfigurationList section */
	};
	rootObject = 6C1DE57C2C944B45004B4A3C /* Project object */;
}
